// !$*UTF8*$!
{
	archiveVersion = 1;
	classes = {
	};
	objectVersion = 48;
	objects = {

/* Begin PBXBuildFile section */
		E4A77FEB2011FBEF0011E26F /* AppDelegate.swift in Sources */ = {isa = PBXBuildFile; fileRef = E4A77FEA2011FBEF0011E26F /* AppDelegate.swift */; };
		E4A77FED2011FBEF0011E26F /* ViewController.swift in Sources */ = {isa = PBXBuildFile; fileRef = E4A77FEC2011FBEF0011E26F /* ViewController.swift */; };
		E4A77FF02011FBEF0011E26F /* Main.storyboard in Resources */ = {isa = PBXBuildFile; fileRef = E4A77FEE2011FBEF0011E26F /* Main.storyboard */; };
		E4A77FF22011FBEF0011E26F /* Assets.xcassets in Resources */ = {isa = PBXBuildFile; fileRef = E4A77FF12011FBEF0011E26F /* Assets.xcassets */; };
		E4A77FF52011FBEF0011E26F /* LaunchScreen.storyboard in Resources */ = {isa = PBXBuildFile; fileRef = E4A77FF32011FBEF0011E26F /* LaunchScreen.storyboard */; };
/* End PBXBuildFile section */

/* Begin PBXFileReference section */
		E4A77FE72011FBEF0011E26F /* MyFirstLightApp.app */ = {isa = PBXFileReference; explicitFileType = wrapper.application; includeInIndex = 0; path = MyFirstLightApp.app; sourceTree = BUILT_PRODUCTS_DIR; };
		E4A77FEA2011FBEF0011E26F /* AppDelegate.swift */ = {isa = PBXFileReference; lastKnownFileType = sourcecode.swift; path = AppDelegate.swift; sourceTree = "<group>"; };
		E4A77FEC2011FBEF0011E26F /* ViewController.swift */ = {isa = PBXFileReference; lastKnownFileType = sourcecode.swift; path = ViewController.swift; sourceTree = "<group>"; };
		E4A77FEF2011FBEF0011E26F /* Base */ = {isa = PBXFileReference; lastKnownFileType = file.storyboard; name = Base; path = Base.lproj/Main.storyboard; sourceTree = "<group>"; };
		E4A77FF12011FBEF0011E26F /* Assets.xcassets */ = {isa = PBXFileReference; lastKnownFileType = folder.assetcatalog; path = Assets.xcassets; sourceTree = "<group>"; };
		E4A77FF42011FBEF0011E26F /* Base */ = {isa = PBXFileReference; lastKnownFileType = file.storyboard; name = Base; path = Base.lproj/LaunchScreen.storyboard; sourceTree = "<group>"; };
		E4A77FF62011FBEF0011E26F /* Info.plist */ = {isa = PBXFileReference; lastKnownFileType = text.plist.xml; path = Info.plist; sourceTree = "<group>"; };
		E4A77FFD2012050A0011E26F /* AVFoundation.framework */ = {isa = PBXFileReference; lastKnownFileType = wrapper.framework; name = AVFoundation.framework; path = System/Library/Frameworks/AVFoundation.framework; sourceTree = SDKROOT; };
/* End PBXFileReference section */

/* Begin PBXFrameworksBuildPhase section */
		E4A77FE42011FBEF0011E26F /* Frameworks */ = {
			isa = PBXFrameworksBuildPhase;
			buildActionMask = 2147483647;
			files = (
			);
			runOnlyForDeploymentPostprocessing = 0;
		};
/* End PBXFrameworksBuildPhase section */

/* Begin PBXGroup section */
		E4A77FDE2011FBEF0011E26F = {
			isa = PBXGroup;
			children = (
				E4A77FE92011FBEF0011E26F /* MyFirstLightApp */,
				E4A77FE82011FBEF0011E26F /* Products */,
				E4A77FFC2012050A0011E26F /* Frameworks */,
			);
			sourceTree = "<group>";
		};
		E4A77FE82011FBEF0011E26F /* Products */ = {
			isa = PBXGroup;
			children = (
				E4A77FE72011FBEF0011E26F /* MyFirstLightApp.app */,
			);
			name = Products;
			sourceTree = "<group>";
		};
		E4A77FE92011FBEF0011E26F /* MyFirstLightApp */ = {
			isa = PBXGroup;
			children = (
				E4A77FEA2011FBEF0011E26F /* AppDelegate.swift */,
				E4A77FEC2011FBEF0011E26F /* ViewController.swift */,
				E4A77FEE2011FBEF0011E26F /* Main.storyboard */,
				E4A77FF12011FBEF0011E26F /* Assets.xcassets */,
				E4A77FF32011FBEF0011E26F /* LaunchScreen.storyboard */,
				E4A77FF62011FBEF0011E26F /* Info.plist */,
			);
			path = MyFirstLightApp;
			sourceTree = "<group>";
		};
		E4A77FFC2012050A0011E26F /* Frameworks */ = {
			isa = PBXGroup;
			children = (
				E4A77FFD2012050A0011E26F /* AVFoundation.framework */,
			);
			name = Frameworks;
			sourceTree = "<group>";
		};
/* End PBXGroup section */

/* Begin PBXNativeTarget section */
		E4A77FE62011FBEF0011E26F /* MyFirstLightApp */ = {
			isa = PBXNativeTarget;
			buildConfigurationList = E4A77FF92011FBEF0011E26F /* Build configuration list for PBXNativeTarget "MyFirstLightApp" */;
			buildPhases = (
				E4A77FE32011FBEF0011E26F /* Sources */,
				E4A77FE42011FBEF0011E26F /* Frameworks */,
				E4A77FE52011FBEF0011E26F /* Resources */,
			);
			buildRules = (
			);
			dependencies = (
			);
			name = MyFirstLightApp;
			productName = MyFirstLightApp;
			productReference = E4A77FE72011FBEF0011E26F /* MyFirstLightApp.app */;
			productType = "com.apple.product-type.application";
		};
/* End PBXNativeTarget section */

/* Begin PBXProject section */
		E4A77FDF2011FBEF0011E26F /* Project object */ = {
			isa = PBXProject;
			attributes = {
				LastSwiftUpdateCheck = 0920;
				LastUpgradeCheck = 0920;
				ORGANIZATIONNAME = "Ádám Bella";
				TargetAttributes = {
					E4A77FE62011FBEF0011E26F = {
						CreatedOnToolsVersion = 9.2;
						ProvisioningStyle = Automatic;
					};
				};
			};
			buildConfigurationList = E4A77FE22011FBEF0011E26F /* Build configuration list for PBXProject "MyFirstLightApp" */;
			compatibilityVersion = "Xcode 8.0";
			developmentRegion = en;
			hasScannedForEncodings = 0;
			knownRegions = (
				en,
				Base,
			);
			mainGroup = E4A77FDE2011FBEF0011E26F;
			productRefGroup = E4A77FE82011FBEF0011E26F /* Products */;
			projectDirPath = "";
			projectRoot = "";
			targets = (
				E4A77FE62011FBEF0011E26F /* MyFirstLightApp */,
			);
		};
/* End PBXProject section */

/* Begin PBXResourcesBuildPhase section */
		E4A77FE52011FBEF0011E26F /* Resources */ = {
			isa = PBXResourcesBuildPhase;
			buildActionMask = 2147483647;
			files = (
				E4A77FF52011FBEF0011E26F /* LaunchScreen.storyboard in Resources */,
				E4A77FF22011FBEF0011E26F /* Assets.xcassets in Resources */,
				E4A77FF02011FBEF0011E26F /* Main.storyboard in Resources */,
			);
			runOnlyForDeploymentPostprocessing = 0;
		};
/* End PBXResourcesBuildPhase section */

/* Begin PBXSourcesBuildPhase section */
		E4A77FE32011FBEF0011E26F /* Sources */ = {
			isa = PBXSourcesBuildPhase;
			buildActionMask = 2147483647;
			files = (
				E4A77FED2011FBEF0011E26F /* ViewController.swift in Sources */,
				E4A77FEB2011FBEF0011E26F /* AppDelegate.swift in Sources */,
			);
			runOnlyForDeploymentPostprocessing = 0;
		};
/* End PBXSourcesBuildPhase section */

/* Begin PBXVariantGroup section */
		E4A77FEE2011FBEF0011E26F /* Main.storyboard */ = {
			isa = PBXVariantGroup;
			children = (
				E4A77FEF2011FBEF0011E26F /* Base */,
			);
			name = Main.storyboard;
			sourceTree = "<group>";
		};
		E4A77FF32011FBEF0011E26F /* LaunchScreen.storyboard */ = {
			isa = PBXVariantGroup;
			children = (
				E4A77FF42011FBEF0011E26F /* Base */,
			);
			name = LaunchScreen.storyboard;
			sourceTree = "<group>";
		};
/* End PBXVariantGroup section */

/* Begin XCBuildConfiguration section */
		E4A77FF72011FBEF0011E26F /* Debug */ = {
			isa = XCBuildConfiguration;
			buildSettings = {
				ALWAYS_SEARCH_USER_PATHS = NO;
				CLANG_ANALYZER_NONNULL = YES;
				CLANG_ANALYZER_NUMBER_OBJECT_CONVERSION = YES_AGGRESSIVE;
				CLANG_CXX_LANGUAGE_STANDARD = "gnu++14";
				CLANG_CXX_LIBRARY = "libc++";
				CLANG_ENABLE_MODULES = YES;
				CLANG_ENABLE_OBJC_ARC = YES;
				CLANG_WARN_BLOCK_CAPTURE_AUTORELEASING = YES;
				CLANG_WARN_BOOL_CONVERSION = YES;
				CLANG_WARN_COMMA = YES;
				CLANG_WARN_CONSTANT_CONVERSION = YES;
				CLANG_WARN_DIRECT_OBJC_ISA_USAGE = YES_ERROR;
				CLANG_WARN_DOCUMENTATION_COMMENTS = YES;
				CLANG_WARN_EMPTY_BODY = YES;
				CLANG_WARN_ENUM_CONVERSION = YES;
				CLANG_WARN_INFINITE_RECURSION = YES;
				CLANG_WARN_INT_CONVERSION = YES;
				CLANG_WARN_NON_LITERAL_NULL_CONVERSION = YES;
				CLANG_WARN_OBJC_LITERAL_CONVERSION = YES;
				CLANG_WARN_OBJC_ROOT_CLASS = YES_ERROR;
				CLANG_WARN_RANGE_LOOP_ANALYSIS = YES;
				CLANG_WARN_STRICT_PROTOTYPES = YES;
				CLANG_WARN_SUSPICIOUS_MOVE = YES;
				CLANG_WARN_UNGUARDED_AVAILABILITY = YES_AGGRESSIVE;
				CLANG_WARN_UNREACHABLE_CODE = YES;
				CLANG_WARN__DUPLICATE_METHOD_MATCH = YES;
				CODE_SIGN_IDENTITY = "iPhone Developer";
				COPY_PHASE_STRIP = NO;
				DEBUG_INFORMATION_FORMAT = dwarf;
				ENABLE_STRICT_OBJC_MSGSEND = YES;
				ENABLE_TESTABILITY = YES;
				GCC_C_LANGUAGE_STANDARD = gnu11;
				GCC_DYNAMIC_NO_PIC = NO;
				GCC_NO_COMMON_BLOCKS = YES;
				GCC_OPTIMIZATION_LEVEL = 0;
				GCC_PREPROCESSOR_DEFINITIONS = (
					"DEBUG=1",
					"$(inherited)",
				);
				GCC_WARN_64_TO_32_BIT_CONVERSION = YES;
				GCC_WARN_ABOUT_RETURN_TYPE = YES_ERROR;
				GCC_WARN_UNDECLARED_SELECTOR = YES;
				GCC_WARN_UNINITIALIZED_AUTOS = YES_AGGRESSIVE;
				GCC_WARN_UNUSED_FUNCTION = YES;
				GCC_WARN_UNUSED_VARIABLE = YES;
				IPHONEOS_DEPLOYMENT_TARGET = 11.2;
				MTL_ENABLE_DEBUG_INFO = YES;
				ONLY_ACTIVE_ARCH = YES;
				SDKROOT = iphoneos;
				SWIFT_ACTIVE_COMPILATION_CONDITIONS = DEBUG;
				SWIFT_OPTIMIZATION_LEVEL = "-Onone";
			};
			name = Debug;
		};
		E4A77FF82011FBEF0011E26F /* Release */ = {
			isa = XCBuildConfiguration;
			buildSettings = {
				ALWAYS_SEARCH_USER_PATHS = NO;
				CLANG_ANALYZER_NONNULL = YES;
				CLANG_ANALYZER_NUMBER_OBJECT_CONVERSION = YES_AGGRESSIVE;
				CLANG_CXX_LANGUAGE_STANDARD = "gnu++14";
				CLANG_CXX_LIBRARY = "libc++";
				CLANG_ENABLE_MODULES = YES;
				CLANG_ENABLE_OBJC_ARC = YES;
				CLANG_WARN_BLOCK_CAPTURE_AUTORELEASING = YES;
				CLANG_WARN_BOOL_CONVERSION = YES;
				CLANG_WARN_COMMA = YES;
				CLANG_WARN_CONSTANT_CONVERSION = YES;
				CLANG_WARN_DIRECT_OBJC_ISA_USAGE = YES_ERROR;
				CLANG_WARN_DOCUMENTATION_COMMENTS = YES;
				CLANG_WARN_EMPTY_BODY = YES;
				CLANG_WARN_ENUM_CONVERSION = YES;
				CLANG_WARN_INFINITE_RECURSION = YES;
				CLANG_WARN_INT_CONVERSION = YES;
				CLANG_WARN_NON_LITERAL_NULL_CONVERSION = YES;
				CLANG_WARN_OBJC_LITERAL_CONVERSION = YES;
				CLANG_WARN_OBJC_ROOT_CLASS = YES_ERROR;
				CLANG_WARN_RANGE_LOOP_ANALYSIS = YES;
				CLANG_WARN_STRICT_PROTOTYPES = YES;
				CLANG_WARN_SUSPICIOUS_MOVE = YES;
				CLANG_WARN_UNGUARDED_AVAILABILITY = YES_AGGRESSIVE;
				CLANG_WARN_UNREACHABLE_CODE = YES;
				CLANG_WARN__DUPLICATE_METHOD_MATCH = YES;
				CODE_SIGN_IDENTITY = "iPhone Developer";
				COPY_PHASE_STRIP = NO;
				DEBUG_INFORMATION_FORMAT = "dwarf-with-dsym";
				ENABLE_NS_ASSERTIONS = NO;
				ENABLE_STRICT_OBJC_MSGSEND = YES;
				GCC_C_LANGUAGE_STANDARD = gnu11;
				GCC_NO_COMMON_BLOCKS = YES;
				GCC_WARN_64_TO_32_BIT_CONVERSION = YES;
				GCC_WARN_ABOUT_RETURN_TYPE = YES_ERROR;
				GCC_WARN_UNDECLARED_SELECTOR = YES;
				GCC_WARN_UNINITIALIZED_AUTOS = YES_AGGRESSIVE;
				GCC_WARN_UNUSED_FUNCTION = YES;
				GCC_WARN_UNUSED_VARIABLE = YES;
				IPHONEOS_DEPLOYMENT_TARGET = 11.2;
				MTL_ENABLE_DEBUG_INFO = NO;
				SDKROOT = iphoneos;
				SWIFT_OPTIMIZATION_LEVEL = "-Owholemodule";
				VALIDATE_PRODUCT = YES;
			};
			name = Release;
		};
		E4A77FFA2011FBEF0011E26F /* Debug */ = {
			isa = XCBuildConfiguration;
			buildSettings = {
				ASSETCATALOG_COMPILER_APPICON_NAME = AppIcon;
				CODE_SIGN_STYLE = Automatic;
				DEVELOPMENT_TEAM = 33AWDEM45Q;
				INFOPLIST_FILE = MyFirstLightApp/Info.plist;
				IPHONEOS_DEPLOYMENT_TARGET = 9.0;
				LD_RUNPATH_SEARCH_PATHS = "$(inherited) @executable_path/Frameworks";
				PRODUCT_BUNDLE_IDENTIFIER = com.bella.learn.MyFirstLightApp;
				PRODUCT_NAME = "$(TARGET_NAME)";
				SWIFT_VERSION = 4.0;
				TARGETED_DEVICE_FAMILY = 1;
			};
			name = Debug;
		};
		E4A77FFB2011FBEF0011E26F /* Release */ = {
			isa = XCBuildConfiguration;
			buildSettings = {
				ASSETCATALOG_COMPILER_APPICON_NAME = AppIcon;
				CODE_SIGN_STYLE = Automatic;
				DEVELOPMENT_TEAM = 33AWDEM45Q;
				INFOPLIST_FILE = MyFirstLightApp/Info.plist;
				IPHONEOS_DEPLOYMENT_TARGET = 9.0;
				LD_RUNPATH_SEARCH_PATHS = "$(inherited) @executable_path/Frameworks";
				PRODUCT_BUNDLE_IDENTIFIER = com.bella.learn.MyFirstLightApp;
				PRODUCT_NAME = "$(TARGET_NAME)";
				SWIFT_VERSION = 4.0;
				TARGETED_DEVICE_FAMILY = 1;
			};
			name = Release;
		};
/* End XCBuildConfiguration section */

/* Begin XCConfigurationList section */
		E4A77FE22011FBEF0011E26F /* Build configuration list for PBXProject "MyFirstLightApp" */ = {
			isa = XCConfigurationList;
			buildConfigurations = (
				E4A77FF72011FBEF0011E26F /* Debug */,
				E4A77FF82011FBEF0011E26F /* Release */,
			);
			defaultConfigurationIsVisible = 0;
			defaultConfigurationName = Release;
		};
		E4A77FF92011FBEF0011E26F /* Build configuration list for PBXNativeTarget "MyFirstLightApp" */ = {
			isa = XCConfigurationList;
			buildConfigurations = (
				E4A77FFA2011FBEF0011E26F /* Debug */,
				E4A77FFB2011FBEF0011E26F /* Release */,
			);
			defaultConfigurationIsVisible = 0;
			defaultConfigurationName = Release;
		};
/* End XCConfigurationList section */
	};
	rootObject = E4A77FDF2011FBEF0011E26F /* Project object */;
}
